
Microsoft Visual Studio Solution File, Format Version 12.00
# Visual Studio Version 17
VisualStudioVersion = 17.7.34031.279
MinimumVisualStudioVersion = 10.0.40219.1
Project("{9A19103F-16F7-4668-BE54-9A1E7A4F7556}") = "ClassesMetodos", "ClassesMetodos\ClassesMetodos.csproj", "{5E6207F9-A5F5-489A-90E7-8822D97A7A0A}"
EndProject
Project("{9A19103F-16F7-4668-BE54-9A1E7A4F7556}") = "2Metodos", "2Metodos\2Metodos.csproj", "{DC0CA038-514B-47CE-9274-281C5A266C8E}"
EndProject
Project("{9A19103F-16F7-4668-BE54-9A1E7A4F7556}") = "2.1MetodosComParametros", "2.1MetodosComParametros\2.1MetodosComParametros.csproj", "{579353D1-8CDD-47A7-AD6F-2828F269C2DB}"
EndProject
Project("{9A19103F-16F7-4668-BE54-9A1E7A4F7556}") = "2.2MetodosComParametros", "2.2MetodosComParametros\2.2MetodosComParametros.csproj", "{629CD406-5C9A-407C-BFBD-AA7BEAE19358}"
EndProject
Project("{9A19103F-16F7-4668-BE54-9A1E7A4F7556}") = "3Construtores", "3Construtores\3Construtores.csproj", "{9477589C-DCF8-432C-B1C0-E21DB60EF626}"
EndProject
Project("{9A19103F-16F7-4668-BE54-9A1E7A4F7556}") = "3.1Construtores", "3.1Construtores\3.1Construtores.csproj", "{C40103DF-F968-4081-B56E-E4D85F36B74F}"
EndProject
Project("{9A19103F-16F7-4668-BE54-9A1E7A4F7556}") = "4This", "4This\4This.csproj", "{F467E93A-2492-42FE-AD76-9080F4D15411}"
EndProject
Project("{9A19103F-16F7-4668-BE54-9A1E7A4F7556}") = "ExercicoPratico1", "ExercicoPratico1\ExercicoPratico1.csproj", "{5D3401EA-C1D4-4F1C-9275-22CB58CE4AA6}"
EndProject
Project("{9A19103F-16F7-4668-BE54-9A1E7A4F7556}") = "2.3MetodosComRetorno", "2.3MetodosComRetorno\2.3MetodosComRetorno.csproj", "{6D979F21-DA39-405B-82CD-A28E0A53EF70}"
EndProject
Project("{9A19103F-16F7-4668-BE54-9A1E7A4F7556}") = "2.3MetodosComRetorno2", "2.3MetodosComRetorno2\2.3MetodosComRetorno2.csproj", "{F9EBC913-570D-4CE7-BD4C-6702EBB96BB9}"
EndProject
Project("{9A19103F-16F7-4668-BE54-9A1E7A4F7556}") = "2.4Metodos", "2.4Metodos\2.4Metodos.csproj", "{BC8B8407-C4B4-48F8-B35B-62E40E7FC331}"
EndProject
Project("{9A19103F-16F7-4668-BE54-9A1E7A4F7556}") = "5PassandoArgumentosPorValor", "5PassandoArgumentosPorValor\5PassandoArgumentosPorValor.csproj", "{6AB81F30-8334-41A0-843F-7F1A3C1D0A23}"
EndProject
Project("{9A19103F-16F7-4668-BE54-9A1E7A4F7556}") = "2.5MetodosArgumentosNomeados", "2.5MetodosArgumentosNomeados\2.5MetodosArgumentosNomeados.csproj", "{2CA7DE58-1CDB-4D01-AF2C-70862C7B744A}"
EndProject
Project("{9A19103F-16F7-4668-BE54-9A1E7A4F7556}") = "2.6MetodosParametrosOpcionais", "2.6MetodosParametrosOpcionais\2.6MetodosParametrosOpcionais.csproj", "{FFC2A696-E77B-40BC-854C-C1E79D81D2B7}"
EndProject
Project("{9A19103F-16F7-4668-BE54-9A1E7A4F7556}") = "2.7MetodosEstaticos", "2.7MetodosEstaticos\2.7MetodosEstaticos.csproj", "{037B039E-EE72-45F2-A632-FF714348199C}"
EndProject
Project("{9A19103F-16F7-4668-BE54-9A1E7A4F7556}") = "6CamposEstaticos", "6CamposEstaticos\6CamposEstaticos.csproj", "{C10F4C81-5F34-4BE8-93BE-F01C27074589}"
EndProject
Project("{9A19103F-16F7-4668-BE54-9A1E7A4F7556}") = "7ConstrutorEstatico", "7ConstrutorEstatico\7ConstrutorEstatico.csproj", "{C98CFC6C-23CD-4874-80A3-00F8D4CC1028}"
EndProject
Project("{9A19103F-16F7-4668-BE54-9A1E7A4F7556}") = "8Propriedades", "8Propriedades\8Propriedades.csproj", "{625236AC-25CA-4E04-862C-748FFE3A571A}"
EndProject
Project("{9A19103F-16F7-4668-BE54-9A1E7A4F7556}") = "9Structs", "9Structs\9Structs.csproj", "{AF5DBFF7-D83C-44BD-A113-541BCD5ECFA7}"
EndProject
Project("{9A19103F-16F7-4668-BE54-9A1E7A4F7556}") = "ExercicioPratico2", "ExercicioPratico2\ExercicioPratico2.csproj", "{F75F779C-53D4-462C-8791-F258B0DA0549}"
EndProject
Project("{9A19103F-16F7-4668-BE54-9A1E7A4F7556}") = "10Enum", "10Enum\10Enum.csproj", "{C6E51C2A-DFA1-4508-85C4-49FC71F2D2BD}"
EndProject
Project("{9A19103F-16F7-4668-BE54-9A1E7A4F7556}") = "11ModificadoresAcesso", "11ModificadoresAcesso\11ModificadoresAcesso.csproj", "{8511BD33-571D-4DD8-B550-1751A7F93F61}"
EndProject
Project("{9A19103F-16F7-4668-BE54-9A1E7A4F7556}") = "12TratamentoErros", "12TratamentoErros\12TratamentoErros.csproj", "{C421F9CA-1EC7-472A-B282-F58D9A7EF458}"
EndProject
Project("{9A19103F-16F7-4668-BE54-9A1E7A4F7556}") = "13TiposAnonimos", "13TiposAnonimos\13TiposAnonimos.csproj", "{5F164BE6-B623-4106-9D78-733382B23C01}"
EndProject
Project("{9A19103F-16F7-4668-BE54-9A1E7A4F7556}") = "ExerciciosTeoricos", "ExerciciosTeoricos\ExerciciosTeoricos.csproj", "{2C66E396-3713-46D2-BB2D-C1983C9EB2D2}"
EndProject
Project("{9A19103F-16F7-4668-BE54-9A1E7A4F7556}") = "14PartialClass", "14PartialClass\14PartialClass.csproj", "{4EBC0661-0FE5-4754-A965-039B4A168E0D}"
EndProject
Project("{9A19103F-16F7-4668-BE54-9A1E7A4F7556}") = "MetodosAnonimos", "MetodosAnonimos\MetodosAnonimos.csproj", "{DB2CECA5-7CF0-4E01-9CDD-3D49C6625CC9}"
EndProject
Project("{9A19103F-16F7-4668-BE54-9A1E7A4F7556}") = "Delegates", "Delegates\Delegates.csproj", "{1457D9BD-4B56-4E8C-B2BB-2529ABF4F62A}"
EndProject
Project("{FAE04EC0-301F-11D3-BF4B-00C04F79EFBC}") = "DelegateExercicios", "DelegateExercicios\DelegateExercicios.csproj", "{8A7A78A0-7F3B-4F60-98BE-5CC0A7182FC2}"
EndProject
Global
	GlobalSection(SolutionConfigurationPlatforms) = preSolution
		Debug|Any CPU = Debug|Any CPU
		Release|Any CPU = Release|Any CPU
	EndGlobalSection
	GlobalSection(ProjectConfigurationPlatforms) = postSolution
		{5E6207F9-A5F5-489A-90E7-8822D97A7A0A}.Debug|Any CPU.ActiveCfg = Debug|Any CPU
		{5E6207F9-A5F5-489A-90E7-8822D97A7A0A}.Debug|Any CPU.Build.0 = Debug|Any CPU
		{5E6207F9-A5F5-489A-90E7-8822D97A7A0A}.Release|Any CPU.ActiveCfg = Release|Any CPU
		{5E6207F9-A5F5-489A-90E7-8822D97A7A0A}.Release|Any CPU.Build.0 = Release|Any CPU
		{DC0CA038-514B-47CE-9274-281C5A266C8E}.Debug|Any CPU.ActiveCfg = Debug|Any CPU
		{DC0CA038-514B-47CE-9274-281C5A266C8E}.Debug|Any CPU.Build.0 = Debug|Any CPU
		{DC0CA038-514B-47CE-9274-281C5A266C8E}.Release|Any CPU.ActiveCfg = Release|Any CPU
		{DC0CA038-514B-47CE-9274-281C5A266C8E}.Release|Any CPU.Build.0 = Release|Any CPU
		{579353D1-8CDD-47A7-AD6F-2828F269C2DB}.Debug|Any CPU.ActiveCfg = Debug|Any CPU
		{579353D1-8CDD-47A7-AD6F-2828F269C2DB}.Debug|Any CPU.Build.0 = Debug|Any CPU
		{579353D1-8CDD-47A7-AD6F-2828F269C2DB}.Release|Any CPU.ActiveCfg = Release|Any CPU
		{579353D1-8CDD-47A7-AD6F-2828F269C2DB}.Release|Any CPU.Build.0 = Release|Any CPU
		{629CD406-5C9A-407C-BFBD-AA7BEAE19358}.Debug|Any CPU.ActiveCfg = Debug|Any CPU
		{629CD406-5C9A-407C-BFBD-AA7BEAE19358}.Debug|Any CPU.Build.0 = Debug|Any CPU
		{629CD406-5C9A-407C-BFBD-AA7BEAE19358}.Release|Any CPU.ActiveCfg = Release|Any CPU
		{629CD406-5C9A-407C-BFBD-AA7BEAE19358}.Release|Any CPU.Build.0 = Release|Any CPU
		{9477589C-DCF8-432C-B1C0-E21DB60EF626}.Debug|Any CPU.ActiveCfg = Debug|Any CPU
		{9477589C-DCF8-432C-B1C0-E21DB60EF626}.Debug|Any CPU.Build.0 = Debug|Any CPU
		{9477589C-DCF8-432C-B1C0-E21DB60EF626}.Release|Any CPU.ActiveCfg = Release|Any CPU
		{9477589C-DCF8-432C-B1C0-E21DB60EF626}.Release|Any CPU.Build.0 = Release|Any CPU
		{C40103DF-F968-4081-B56E-E4D85F36B74F}.Debug|Any CPU.ActiveCfg = Debug|Any CPU
		{C40103DF-F968-4081-B56E-E4D85F36B74F}.Debug|Any CPU.Build.0 = Debug|Any CPU
		{C40103DF-F968-4081-B56E-E4D85F36B74F}.Release|Any CPU.ActiveCfg = Release|Any CPU
		{C40103DF-F968-4081-B56E-E4D85F36B74F}.Release|Any CPU.Build.0 = Release|Any CPU
		{F467E93A-2492-42FE-AD76-9080F4D15411}.Debug|Any CPU.ActiveCfg = Debug|Any CPU
		{F467E93A-2492-42FE-AD76-9080F4D15411}.Debug|Any CPU.Build.0 = Debug|Any CPU
		{F467E93A-2492-42FE-AD76-9080F4D15411}.Release|Any CPU.ActiveCfg = Release|Any CPU
		{F467E93A-2492-42FE-AD76-9080F4D15411}.Release|Any CPU.Build.0 = Release|Any CPU
		{5D3401EA-C1D4-4F1C-9275-22CB58CE4AA6}.Debug|Any CPU.ActiveCfg = Debug|Any CPU
		{5D3401EA-C1D4-4F1C-9275-22CB58CE4AA6}.Debug|Any CPU.Build.0 = Debug|Any CPU
		{5D3401EA-C1D4-4F1C-9275-22CB58CE4AA6}.Release|Any CPU.ActiveCfg = Release|Any CPU
		{5D3401EA-C1D4-4F1C-9275-22CB58CE4AA6}.Release|Any CPU.Build.0 = Release|Any CPU
		{6D979F21-DA39-405B-82CD-A28E0A53EF70}.Debug|Any CPU.ActiveCfg = Debug|Any CPU
		{6D979F21-DA39-405B-82CD-A28E0A53EF70}.Debug|Any CPU.Build.0 = Debug|Any CPU
		{6D979F21-DA39-405B-82CD-A28E0A53EF70}.Release|Any CPU.ActiveCfg = Release|Any CPU
		{6D979F21-DA39-405B-82CD-A28E0A53EF70}.Release|Any CPU.Build.0 = Release|Any CPU
		{F9EBC913-570D-4CE7-BD4C-6702EBB96BB9}.Debug|Any CPU.ActiveCfg = Debug|Any CPU
		{F9EBC913-570D-4CE7-BD4C-6702EBB96BB9}.Debug|Any CPU.Build.0 = Debug|Any CPU
		{F9EBC913-570D-4CE7-BD4C-6702EBB96BB9}.Release|Any CPU.ActiveCfg = Release|Any CPU
		{F9EBC913-570D-4CE7-BD4C-6702EBB96BB9}.Release|Any CPU.Build.0 = Release|Any CPU
		{BC8B8407-C4B4-48F8-B35B-62E40E7FC331}.Debug|Any CPU.ActiveCfg = Debug|Any CPU
		{BC8B8407-C4B4-48F8-B35B-62E40E7FC331}.Debug|Any CPU.Build.0 = Debug|Any CPU
		{BC8B8407-C4B4-48F8-B35B-62E40E7FC331}.Release|Any CPU.ActiveCfg = Release|Any CPU
		{BC8B8407-C4B4-48F8-B35B-62E40E7FC331}.Release|Any CPU.Build.0 = Release|Any CPU
		{6AB81F30-8334-41A0-843F-7F1A3C1D0A23}.Debug|Any CPU.ActiveCfg = Debug|Any CPU
		{6AB81F30-8334-41A0-843F-7F1A3C1D0A23}.Debug|Any CPU.Build.0 = Debug|Any CPU
		{6AB81F30-8334-41A0-843F-7F1A3C1D0A23}.Release|Any CPU.ActiveCfg = Release|Any CPU
		{6AB81F30-8334-41A0-843F-7F1A3C1D0A23}.Release|Any CPU.Build.0 = Release|Any CPU
		{2CA7DE58-1CDB-4D01-AF2C-70862C7B744A}.Debug|Any CPU.ActiveCfg = Debug|Any CPU
		{2CA7DE58-1CDB-4D01-AF2C-70862C7B744A}.Debug|Any CPU.Build.0 = Debug|Any CPU
		{2CA7DE58-1CDB-4D01-AF2C-70862C7B744A}.Release|Any CPU.ActiveCfg = Release|Any CPU
		{2CA7DE58-1CDB-4D01-AF2C-70862C7B744A}.Release|Any CPU.Build.0 = Release|Any CPU
		{FFC2A696-E77B-40BC-854C-C1E79D81D2B7}.Debug|Any CPU.ActiveCfg = Debug|Any CPU
		{FFC2A696-E77B-40BC-854C-C1E79D81D2B7}.Debug|Any CPU.Build.0 = Debug|Any CPU
		{FFC2A696-E77B-40BC-854C-C1E79D81D2B7}.Release|Any CPU.ActiveCfg = Release|Any CPU
		{FFC2A696-E77B-40BC-854C-C1E79D81D2B7}.Release|Any CPU.Build.0 = Release|Any CPU
		{037B039E-EE72-45F2-A632-FF714348199C}.Debug|Any CPU.ActiveCfg = Debug|Any CPU
		{037B039E-EE72-45F2-A632-FF714348199C}.Debug|Any CPU.Build.0 = Debug|Any CPU
		{037B039E-EE72-45F2-A632-FF714348199C}.Release|Any CPU.ActiveCfg = Release|Any CPU
		{037B039E-EE72-45F2-A632-FF714348199C}.Release|Any CPU.Build.0 = Release|Any CPU
		{C10F4C81-5F34-4BE8-93BE-F01C27074589}.Debug|Any CPU.ActiveCfg = Debug|Any CPU
		{C10F4C81-5F34-4BE8-93BE-F01C27074589}.Debug|Any CPU.Build.0 = Debug|Any CPU
		{C10F4C81-5F34-4BE8-93BE-F01C27074589}.Release|Any CPU.ActiveCfg = Release|Any CPU
		{C10F4C81-5F34-4BE8-93BE-F01C27074589}.Release|Any CPU.Build.0 = Release|Any CPU
		{C98CFC6C-23CD-4874-80A3-00F8D4CC1028}.Debug|Any CPU.ActiveCfg = Debug|Any CPU
		{C98CFC6C-23CD-4874-80A3-00F8D4CC1028}.Debug|Any CPU.Build.0 = Debug|Any CPU
		{C98CFC6C-23CD-4874-80A3-00F8D4CC1028}.Release|Any CPU.ActiveCfg = Release|Any CPU
		{C98CFC6C-23CD-4874-80A3-00F8D4CC1028}.Release|Any CPU.Build.0 = Release|Any CPU
		{625236AC-25CA-4E04-862C-748FFE3A571A}.Debug|Any CPU.ActiveCfg = Debug|Any CPU
		{625236AC-25CA-4E04-862C-748FFE3A571A}.Debug|Any CPU.Build.0 = Debug|Any CPU
		{625236AC-25CA-4E04-862C-748FFE3A571A}.Release|Any CPU.ActiveCfg = Release|Any CPU
		{625236AC-25CA-4E04-862C-748FFE3A571A}.Release|Any CPU.Build.0 = Release|Any CPU
		{AF5DBFF7-D83C-44BD-A113-541BCD5ECFA7}.Debug|Any CPU.ActiveCfg = Debug|Any CPU
		{AF5DBFF7-D83C-44BD-A113-541BCD5ECFA7}.Debug|Any CPU.Build.0 = Debug|Any CPU
		{AF5DBFF7-D83C-44BD-A113-541BCD5ECFA7}.Release|Any CPU.ActiveCfg = Release|Any CPU
		{AF5DBFF7-D83C-44BD-A113-541BCD5ECFA7}.Release|Any CPU.Build.0 = Release|Any CPU
		{F75F779C-53D4-462C-8791-F258B0DA0549}.Debug|Any CPU.ActiveCfg = Debug|Any CPU
		{F75F779C-53D4-462C-8791-F258B0DA0549}.Debug|Any CPU.Build.0 = Debug|Any CPU
		{F75F779C-53D4-462C-8791-F258B0DA0549}.Release|Any CPU.ActiveCfg = Release|Any CPU
		{F75F779C-53D4-462C-8791-F258B0DA0549}.Release|Any CPU.Build.0 = Release|Any CPU
		{C6E51C2A-DFA1-4508-85C4-49FC71F2D2BD}.Debug|Any CPU.ActiveCfg = Debug|Any CPU
		{C6E51C2A-DFA1-4508-85C4-49FC71F2D2BD}.Debug|Any CPU.Build.0 = Debug|Any CPU
		{C6E51C2A-DFA1-4508-85C4-49FC71F2D2BD}.Release|Any CPU.ActiveCfg = Release|Any CPU
		{C6E51C2A-DFA1-4508-85C4-49FC71F2D2BD}.Release|Any CPU.Build.0 = Release|Any CPU
		{8511BD33-571D-4DD8-B550-1751A7F93F61}.Debug|Any CPU.ActiveCfg = Debug|Any CPU
		{8511BD33-571D-4DD8-B550-1751A7F93F61}.Debug|Any CPU.Build.0 = Debug|Any CPU
		{8511BD33-571D-4DD8-B550-1751A7F93F61}.Release|Any CPU.ActiveCfg = Release|Any CPU
		{8511BD33-571D-4DD8-B550-1751A7F93F61}.Release|Any CPU.Build.0 = Release|Any CPU
		{C421F9CA-1EC7-472A-B282-F58D9A7EF458}.Debug|Any CPU.ActiveCfg = Debug|Any CPU
		{C421F9CA-1EC7-472A-B282-F58D9A7EF458}.Debug|Any CPU.Build.0 = Debug|Any CPU
		{C421F9CA-1EC7-472A-B282-F58D9A7EF458}.Release|Any CPU.ActiveCfg = Release|Any CPU
		{C421F9CA-1EC7-472A-B282-F58D9A7EF458}.Release|Any CPU.Build.0 = Release|Any CPU
		{5F164BE6-B623-4106-9D78-733382B23C01}.Debug|Any CPU.ActiveCfg = Debug|Any CPU
		{5F164BE6-B623-4106-9D78-733382B23C01}.Debug|Any CPU.Build.0 = Debug|Any CPU
		{5F164BE6-B623-4106-9D78-733382B23C01}.Release|Any CPU.ActiveCfg = Release|Any CPU
		{5F164BE6-B623-4106-9D78-733382B23C01}.Release|Any CPU.Build.0 = Release|Any CPU
		{2C66E396-3713-46D2-BB2D-C1983C9EB2D2}.Debug|Any CPU.ActiveCfg = Debug|Any CPU
		{2C66E396-3713-46D2-BB2D-C1983C9EB2D2}.Debug|Any CPU.Build.0 = Debug|Any CPU
		{2C66E396-3713-46D2-BB2D-C1983C9EB2D2}.Release|Any CPU.ActiveCfg = Release|Any CPU
		{2C66E396-3713-46D2-BB2D-C1983C9EB2D2}.Release|Any CPU.Build.0 = Release|Any CPU
		{4EBC0661-0FE5-4754-A965-039B4A168E0D}.Debug|Any CPU.ActiveCfg = Debug|Any CPU
		{4EBC0661-0FE5-4754-A965-039B4A168E0D}.Debug|Any CPU.Build.0 = Debug|Any CPU
		{4EBC0661-0FE5-4754-A965-039B4A168E0D}.Release|Any CPU.ActiveCfg = Release|Any CPU
		{4EBC0661-0FE5-4754-A965-039B4A168E0D}.Release|Any CPU.Build.0 = Release|Any CPU
		{DB2CECA5-7CF0-4E01-9CDD-3D49C6625CC9}.Debug|Any CPU.ActiveCfg = Debug|Any CPU
		{DB2CECA5-7CF0-4E01-9CDD-3D49C6625CC9}.Debug|Any CPU.Build.0 = Debug|Any CPU
		{DB2CECA5-7CF0-4E01-9CDD-3D49C6625CC9}.Release|Any CPU.ActiveCfg = Release|Any CPU
		{DB2CECA5-7CF0-4E01-9CDD-3D49C6625CC9}.Release|Any CPU.Build.0 = Release|Any CPU
		{1457D9BD-4B56-4E8C-B2BB-2529ABF4F62A}.Debug|Any CPU.ActiveCfg = Debug|Any CPU
		{1457D9BD-4B56-4E8C-B2BB-2529ABF4F62A}.Debug|Any CPU.Build.0 = Debug|Any CPU
		{1457D9BD-4B56-4E8C-B2BB-2529ABF4F62A}.Release|Any CPU.ActiveCfg = Release|Any CPU
		{1457D9BD-4B56-4E8C-B2BB-2529ABF4F62A}.Release|Any CPU.Build.0 = Release|Any CPU
		{8A7A78A0-7F3B-4F60-98BE-5CC0A7182FC2}.Debug|Any CPU.ActiveCfg = Debug|Any CPU
		{8A7A78A0-7F3B-4F60-98BE-5CC0A7182FC2}.Debug|Any CPU.Build.0 = Debug|Any CPU
		{8A7A78A0-7F3B-4F60-98BE-5CC0A7182FC2}.Release|Any CPU.ActiveCfg = Release|Any CPU
		{8A7A78A0-7F3B-4F60-98BE-5CC0A7182FC2}.Release|Any CPU.Build.0 = Release|Any CPU
	EndGlobalSection
	GlobalSection(SolutionProperties) = preSolution
		HideSolutionNode = FALSE
	EndGlobalSection
	GlobalSection(ExtensibilityGlobals) = postSolution
		SolutionGuid = {52B7DE10-766C-4995-9A83-5D777C50BB71}
	EndGlobalSection
EndGlobal
